
Microsoft Visual Studio Solution File, Format Version 12.00
# Visual Studio Version 16
VisualStudioVersion = 16.0.30523.141
MinimumVisualStudioVersion = 10.0.40219.1
Project("{FAE04EC0-301F-11D3-BF4B-00C04F79EFBC}") = "InvestmentManager", "InvestmentManager\InvestmentManager.csproj", "{5E648B29-8736-44D5-9694-D46005A89614}"
EndProject
Global
	GlobalSection(SolutionConfigurationPlatforms) = preSolution
		Debug|Any CPU = Debug|Any CPU
		Release|Any CPU = Release|Any CPU
	EndGlobalSection
	GlobalSection(ProjectConfigurationPlatforms) = postSolution
		{5E648B29-8736-44D5-9694-D46005A89614}.Debug|Any CPU.ActiveCfg = Debug|Any CPU
		{5E648B29-8736-44D5-9694-D46005A89614}.Debug|Any CPU.Build.0 = Debug|Any CPU
		{5E648B29-8736-44D5-9694-D46005A89614}.Release|Any CPU.ActiveCfg = Release|Any CPU
		{5E648B29-8736-44D5-9694-D46005A89614}.Release|Any CPU.Build.0 = Release|Any CPU
	EndGlobalSection
	GlobalSection(SolutionProperties) = preSolution
		HideSolutionNode = FALSE
	EndGlobalSection
	GlobalSection(ExtensibilityGlobals) = postSolution
		SolutionGuid = {26BF741D-8154-4B11-AF39-8406B7B6953A}
	EndGlobalSection
EndGlobal
